<Solution>
  <Folder Name="/src/" />
  <Folder Name="/src/backend/">
    <Project Path="src/backend/EMS.API/EMS.API.csproj" />
    <Project Path="src/backend/EMS.Application/EMS.Application.csproj" />
    <Project Path="src/backend/EMS.Domain/EMS.Domain.csproj" />
    <Project Path="src/backend/EMS.Infrastructure/EMS.Infrastructure.csproj" />
  </Folder>
</Solution>
